
Microsoft Visual Studio Solution File, Format Version 12.00
# Visual Studio 15
VisualStudioVersion = 15.0.28307.489
MinimumVisualStudioVersion = 10.0.40219.1
Project("{FAE04EC0-301F-11D3-BF4B-00C04F79EFBC}") = "EPiServer.Learning", "EPiServer.Learning.csproj", "{A966FCC9-C13E-4159-814A-09E825D75451}"
EndProject
Global
	GlobalSection(SolutionConfigurationPlatforms) = preSolution
		Debug|Any CPU = Debug|Any CPU
		Release|Any CPU = Release|Any CPU
	EndGlobalSection
	GlobalSection(ProjectConfigurationPlatforms) = postSolution
		{A966FCC9-C13E-4159-814A-09E825D75451}.Debug|Any CPU.ActiveCfg = Debug|Any CPU
		{A966FCC9-C13E-4159-814A-09E825D75451}.Debug|Any CPU.Build.0 = Debug|Any CPU
		{A966FCC9-C13E-4159-814A-09E825D75451}.Release|Any CPU.ActiveCfg = Release|Any CPU
		{A966FCC9-C13E-4159-814A-09E825D75451}.Release|Any CPU.Build.0 = Release|Any CPU
	EndGlobalSection
	GlobalSection(SolutionProperties) = preSolution
		HideSolutionNode = FALSE
	EndGlobalSection
	GlobalSection(ExtensibilityGlobals) = postSolution
		SolutionGuid = {5C2E305F-6AFA-4A4E-B6FB-434ADC0B927A}
	EndGlobalSection
EndGlobal
